
Microsoft Visual Studio Solution File, Format Version 11.00
# Visual Studio 2010
Project("{FAE04EC0-301F-11D3-BF4B-00C04F79EFBC}") = "MaheshwariApp_Inventory", "MaheshwariApp_Inventory\MaheshwariApp_Inventory.csproj", "{367B2614-9AC2-4E32-9D3E-82225D16F636}"
EndProject
Project("{FAE04EC0-301F-11D3-BF4B-00C04F79EFBC}") = "MaheshwariApp.Component.BL", "MaheshwariApp.Component.BL\MaheshwariApp.Component.BL.csproj", "{9A3CAE71-55F0-4DE1-92F2-EE64351D050A}"
EndProject
Project("{FAE04EC0-301F-11D3-BF4B-00C04F79EFBC}") = "MaheshwariApp.Component.DAL", "MaheshwariApp.Component.DAL\MaheshwariApp.Component.DAL.csproj", "{2C624FD3-FB8E-42AB-A223-1064EF0B359C}"
EndProject
Global
	GlobalSection(SolutionConfigurationPlatforms) = preSolution
		Debug|Any CPU = Debug|Any CPU
		Debug|Mixed Platforms = Debug|Mixed Platforms
		Debug|x86 = Debug|x86
		Release|Any CPU = Release|Any CPU
		Release|Mixed Platforms = Release|Mixed Platforms
		Release|x86 = Release|x86
	EndGlobalSection
	GlobalSection(ProjectConfigurationPlatforms) = postSolution
		{367B2614-9AC2-4E32-9D3E-82225D16F636}.Debug|Any CPU.ActiveCfg = Debug|x86
		{367B2614-9AC2-4E32-9D3E-82225D16F636}.Debug|Mixed Platforms.ActiveCfg = Debug|x86
		{367B2614-9AC2-4E32-9D3E-82225D16F636}.Debug|Mixed Platforms.Build.0 = Debug|x86
		{367B2614-9AC2-4E32-9D3E-82225D16F636}.Debug|x86.ActiveCfg = Debug|x86
		{367B2614-9AC2-4E32-9D3E-82225D16F636}.Debug|x86.Build.0 = Debug|x86
		{367B2614-9AC2-4E32-9D3E-82225D16F636}.Release|Any CPU.ActiveCfg = Release|x86
		{367B2614-9AC2-4E32-9D3E-82225D16F636}.Release|Mixed Platforms.ActiveCfg = Release|x86
		{367B2614-9AC2-4E32-9D3E-82225D16F636}.Release|Mixed Platforms.Build.0 = Release|x86
		{367B2614-9AC2-4E32-9D3E-82225D16F636}.Release|x86.ActiveCfg = Release|x86
		{367B2614-9AC2-4E32-9D3E-82225D16F636}.Release|x86.Build.0 = Release|x86
		{9A3CAE71-55F0-4DE1-92F2-EE64351D050A}.Debug|Any CPU.ActiveCfg = Debug|Any CPU
		{9A3CAE71-55F0-4DE1-92F2-EE64351D050A}.Debug|Any CPU.Build.0 = Debug|Any CPU
		{9A3CAE71-55F0-4DE1-92F2-EE64351D050A}.Debug|Mixed Platforms.ActiveCfg = Debug|Any CPU
		{9A3CAE71-55F0-4DE1-92F2-EE64351D050A}.Debug|Mixed Platforms.Build.0 = Debug|Any CPU
		{9A3CAE71-55F0-4DE1-92F2-EE64351D050A}.Debug|x86.ActiveCfg = Debug|Any CPU
		{9A3CAE71-55F0-4DE1-92F2-EE64351D050A}.Release|Any CPU.ActiveCfg = Release|Any CPU
		{9A3CAE71-55F0-4DE1-92F2-EE64351D050A}.Release|Any CPU.Build.0 = Release|Any CPU
		{9A3CAE71-55F0-4DE1-92F2-EE64351D050A}.Release|Mixed Platforms.ActiveCfg = Release|Any CPU
		{9A3CAE71-55F0-4DE1-92F2-EE64351D050A}.Release|Mixed Platforms.Build.0 = Release|Any CPU
		{9A3CAE71-55F0-4DE1-92F2-EE64351D050A}.Release|x86.ActiveCfg = Release|Any CPU
		{2C624FD3-FB8E-42AB-A223-1064EF0B359C}.Debug|Any CPU.ActiveCfg = Debug|Any CPU
		{2C624FD3-FB8E-42AB-A223-1064EF0B359C}.Debug|Any CPU.Build.0 = Debug|Any CPU
		{2C624FD3-FB8E-42AB-A223-1064EF0B359C}.Debug|Mixed Platforms.ActiveCfg = Debug|Any CPU
		{2C624FD3-FB8E-42AB-A223-1064EF0B359C}.Debug|Mixed Platforms.Build.0 = Debug|Any CPU
		{2C624FD3-FB8E-42AB-A223-1064EF0B359C}.Debug|x86.ActiveCfg = Debug|Any CPU
		{2C624FD3-FB8E-42AB-A223-1064EF0B359C}.Release|Any CPU.ActiveCfg = Release|Any CPU
		{2C624FD3-FB8E-42AB-A223-1064EF0B359C}.Release|Any CPU.Build.0 = Release|Any CPU
		{2C624FD3-FB8E-42AB-A223-1064EF0B359C}.Release|Mixed Platforms.ActiveCfg = Release|Any CPU
		{2C624FD3-FB8E-42AB-A223-1064EF0B359C}.Release|Mixed Platforms.Build.0 = Release|Any CPU
		{2C624FD3-FB8E-42AB-A223-1064EF0B359C}.Release|x86.ActiveCfg = Release|Any CPU
	EndGlobalSection
	GlobalSection(SolutionProperties) = preSolution
		HideSolutionNode = FALSE
	EndGlobalSection
EndGlobal
